# Generated by apps/desktop/scripts/fetch-sidecar.sh — do not hand-edit.
#
# This file pins the sidecar resolution context for reproducibility.
# The launcher binary in apps/desktop/src-tauri/binaries/ executes the
# clio-agent-gact server at runtime; this lockfile records what was
# discoverable on the build host so reviewers can see whether the
# build is bound to a system install or a fresh develop checkout.

generated_at = "2026-05-28T17:13:36Z"
host_triple = "x86_64-pc-windows-msvc"
resolved_clio_agent_gact = "/d/Libraries/Documents/projects/clio-agent/.venv/Scripts/clio-agent-gact"
contract = "GACT v0.2"
source_branch = "develop"
source_repo = "https://github.com/iowarp/clio-agent"
install_recipe = "CLIO_REF=develop curl -fsSL https://raw.githubusercontent.com/iowarp/clio-agent/main/install/install.sh | bash"
windows_install_recipe = '$env:CLIO_REF = ''develop''; irm https://raw.githubusercontent.com/iowarp/clio-agent/main/install/install.ps1 | iex'
